
Microsoft Visual Studio Solution File, Format Version 12.00
Project("{FAE04EC0-301F-11D3-BF4B-00C04F79EFBC}") = "Consort", "Consort\Consort.csproj", "{96F10339-6734-4E16-AB6C-AB89B5D5AC77}"
EndProject
Project("{FAE04EC0-301F-11D3-BF4B-00C04F79EFBC}") = "Consort.Shared", "Consort.Shared\Consort.Shared.csproj", "{71DC833C-2E69-4A5B-9EBE-1688D4760CF5}"
EndProject
Project("{FAE04EC0-301F-11D3-BF4B-00C04F79EFBC}") = "Consort.ViewModel", "Consort.ViewModel\Consort.ViewModel.csproj", "{71D9D3FC-D9FF-4AF6-9617-8FBDAD0FEA78}"
EndProject
Project("{FAE04EC0-301F-11D3-BF4B-00C04F79EFBC}") = "Consort.WpfView", "Consort.WpfView\Consort.WpfView.csproj", "{6AD8C249-0098-4630-8B1D-186EB3DC5E42}"
EndProject
Project("{FAE04EC0-301F-11D3-BF4B-00C04F79EFBC}") = "Consort.Tests", "Consort.Tests\Consort.Tests.csproj", "{D4AE1B61-524F-40AE-B64A-CE899A9EC9D8}"
EndProject
Global
	GlobalSection(SolutionConfigurationPlatforms) = preSolution
		Debug|Any CPU = Debug|Any CPU
		Release|Any CPU = Release|Any CPU
	EndGlobalSection
	GlobalSection(ProjectConfigurationPlatforms) = postSolution
		{96F10339-6734-4E16-AB6C-AB89B5D5AC77}.Debug|Any CPU.ActiveCfg = Debug|Any CPU
		{96F10339-6734-4E16-AB6C-AB89B5D5AC77}.Debug|Any CPU.Build.0 = Debug|Any CPU
		{96F10339-6734-4E16-AB6C-AB89B5D5AC77}.Release|Any CPU.ActiveCfg = Release|Any CPU
		{96F10339-6734-4E16-AB6C-AB89B5D5AC77}.Release|Any CPU.Build.0 = Release|Any CPU
		{71DC833C-2E69-4A5B-9EBE-1688D4760CF5}.Debug|Any CPU.ActiveCfg = Debug|Any CPU
		{71DC833C-2E69-4A5B-9EBE-1688D4760CF5}.Debug|Any CPU.Build.0 = Debug|Any CPU
		{71DC833C-2E69-4A5B-9EBE-1688D4760CF5}.Release|Any CPU.ActiveCfg = Release|Any CPU
		{71DC833C-2E69-4A5B-9EBE-1688D4760CF5}.Release|Any CPU.Build.0 = Release|Any CPU
		{71D9D3FC-D9FF-4AF6-9617-8FBDAD0FEA78}.Debug|Any CPU.ActiveCfg = Debug|Any CPU
		{71D9D3FC-D9FF-4AF6-9617-8FBDAD0FEA78}.Debug|Any CPU.Build.0 = Debug|Any CPU
		{71D9D3FC-D9FF-4AF6-9617-8FBDAD0FEA78}.Release|Any CPU.ActiveCfg = Release|Any CPU
		{71D9D3FC-D9FF-4AF6-9617-8FBDAD0FEA78}.Release|Any CPU.Build.0 = Release|Any CPU
		{6AD8C249-0098-4630-8B1D-186EB3DC5E42}.Debug|Any CPU.ActiveCfg = Debug|Any CPU
		{6AD8C249-0098-4630-8B1D-186EB3DC5E42}.Debug|Any CPU.Build.0 = Debug|Any CPU
		{6AD8C249-0098-4630-8B1D-186EB3DC5E42}.Release|Any CPU.ActiveCfg = Release|Any CPU
		{6AD8C249-0098-4630-8B1D-186EB3DC5E42}.Release|Any CPU.Build.0 = Release|Any CPU
		{D4AE1B61-524F-40AE-B64A-CE899A9EC9D8}.Debug|Any CPU.ActiveCfg = Debug|Any CPU
		{D4AE1B61-524F-40AE-B64A-CE899A9EC9D8}.Debug|Any CPU.Build.0 = Debug|Any CPU
		{D4AE1B61-524F-40AE-B64A-CE899A9EC9D8}.Release|Any CPU.ActiveCfg = Release|Any CPU
		{D4AE1B61-524F-40AE-B64A-CE899A9EC9D8}.Release|Any CPU.Build.0 = Release|Any CPU
	EndGlobalSection
	GlobalSection(NestedProjects) = preSolution
	EndGlobalSection
EndGlobal
